
Microsoft Visual Studio Solution File, Format Version 12.00
# Visual Studio 15
VisualStudioVersion = 15.0.27130.2010
MinimumVisualStudioVersion = 10.0.40219.1
Project("{FAE04EC0-301F-11D3-BF4B-00C04F79EFBC}") = "ForeignExchange.Android", "ForeignExchange\ForeignExchange.Android\ForeignExchange.Android.csproj", "{114F421D-BFD5-4FE3-93BB-24CA7166D67E}"
EndProject
Project("{FAE04EC0-301F-11D3-BF4B-00C04F79EFBC}") = "ForeignExchange.iOS", "ForeignExchange\ForeignExchange.iOS\ForeignExchange.iOS.csproj", "{4D444FD7-5560-4B18-AAAA-B4B1FD444A5A}"
EndProject
Project("{9A19103F-16F7-4668-BE54-9A1E7A4F7556}") = "ForeignExchange", "ForeignExchange\ForeignExchange\ForeignExchange.csproj", "{D2B3E889-68ED-4BFC-96A9-A60F09DD9F29}"
EndProject
Global
	GlobalSection(SolutionConfigurationPlatforms) = preSolution
		Ad-Hoc|Any CPU = Ad-Hoc|Any CPU
		Ad-Hoc|ARM = Ad-Hoc|ARM
		Ad-Hoc|iPhone = Ad-Hoc|iPhone
		Ad-Hoc|iPhoneSimulator = Ad-Hoc|iPhoneSimulator
		Ad-Hoc|x64 = Ad-Hoc|x64
		Ad-Hoc|x86 = Ad-Hoc|x86
		AppStore|Any CPU = AppStore|Any CPU
		AppStore|ARM = AppStore|ARM
		AppStore|iPhone = AppStore|iPhone
		AppStore|iPhoneSimulator = AppStore|iPhoneSimulator
		AppStore|x64 = AppStore|x64
		AppStore|x86 = AppStore|x86
		Debug|Any CPU = Debug|Any CPU
		Debug|ARM = Debug|ARM
		Debug|iPhone = Debug|iPhone
		Debug|iPhoneSimulator = Debug|iPhoneSimulator
		Debug|x64 = Debug|x64
		Debug|x86 = Debug|x86
		Release|Any CPU = Release|Any CPU
		Release|ARM = Release|ARM
		Release|iPhone = Release|iPhone
		Release|iPhoneSimulator = Release|iPhoneSimulator
		Release|x64 = Release|x64
		Release|x86 = Release|x86
	EndGlobalSection
	GlobalSection(ProjectConfigurationPlatforms) = postSolution
		{114F421D-BFD5-4FE3-93BB-24CA7166D67E}.Ad-Hoc|Any CPU.ActiveCfg = Release|Any CPU
		{114F421D-BFD5-4FE3-93BB-24CA7166D67E}.Ad-Hoc|Any CPU.Build.0 = Release|Any CPU
		{114F421D-BFD5-4FE3-93BB-24CA7166D67E}.Ad-Hoc|Any CPU.Deploy.0 = Release|Any CPU
		{114F421D-BFD5-4FE3-93BB-24CA7166D67E}.Ad-Hoc|ARM.ActiveCfg = Release|Any CPU
		{114F421D-BFD5-4FE3-93BB-24CA7166D67E}.Ad-Hoc|ARM.Build.0 = Release|Any CPU
		{114F421D-BFD5-4FE3-93BB-24CA7166D67E}.Ad-Hoc|ARM.Deploy.0 = Release|Any CPU
		{114F421D-BFD5-4FE3-93BB-24CA7166D67E}.Ad-Hoc|iPhone.ActiveCfg = Release|Any CPU
		{114F421D-BFD5-4FE3-93BB-24CA7166D67E}.Ad-Hoc|iPhone.Build.0 = Release|Any CPU
		{114F421D-BFD5-4FE3-93BB-24CA7166D67E}.Ad-Hoc|iPhone.Deploy.0 = Release|Any CPU
		{114F421D-BFD5-4FE3-93BB-24CA7166D67E}.Ad-Hoc|iPhoneSimulator.ActiveCfg = Release|Any CPU
		{114F421D-BFD5-4FE3-93BB-24CA7166D67E}.Ad-Hoc|iPhoneSimulator.Build.0 = Release|Any CPU
		{114F421D-BFD5-4FE3-93BB-24CA7166D67E}.Ad-Hoc|iPhoneSimulator.Deploy.0 = Release|Any CPU
		{114F421D-BFD5-4FE3-93BB-24CA7166D67E}.Ad-Hoc|x64.ActiveCfg = Release|Any CPU
		{114F421D-BFD5-4FE3-93BB-24CA7166D67E}.Ad-Hoc|x64.Build.0 = Release|Any CPU
		{114F421D-BFD5-4FE3-93BB-24CA7166D67E}.Ad-Hoc|x64.Deploy.0 = Release|Any CPU
		{114F421D-BFD5-4FE3-93BB-24CA7166D67E}.Ad-Hoc|x86.ActiveCfg = Release|Any CPU
		{114F421D-BFD5-4FE3-93BB-24CA7166D67E}.Ad-Hoc|x86.Build.0 = Release|Any CPU
		{114F421D-BFD5-4FE3-93BB-24CA7166D67E}.Ad-Hoc|x86.Deploy.0 = Release|Any CPU
		{114F421D-BFD5-4FE3-93BB-24CA7166D67E}.AppStore|Any CPU.ActiveCfg = Release|Any CPU
		{114F421D-BFD5-4FE3-93BB-24CA7166D67E}.AppStore|Any CPU.Build.0 = Release|Any CPU
		{114F421D-BFD5-4FE3-93BB-24CA7166D67E}.AppStore|Any CPU.Deploy.0 = Release|Any CPU
		{114F421D-BFD5-4FE3-93BB-24CA7166D67E}.AppStore|ARM.ActiveCfg = Release|Any CPU
		{114F421D-BFD5-4FE3-93BB-24CA7166D67E}.AppStore|ARM.Build.0 = Release|Any CPU
		{114F421D-BFD5-4FE3-93BB-24CA7166D67E}.AppStore|ARM.Deploy.0 = Release|Any CPU
		{114F421D-BFD5-4FE3-93BB-24CA7166D67E}.AppStore|iPhone.ActiveCfg = Release|Any CPU
		{114F421D-BFD5-4FE3-93BB-24CA7166D67E}.AppStore|iPhone.Build.0 = Release|Any CPU
		{114F421D-BFD5-4FE3-93BB-24CA7166D67E}.AppStore|iPhone.Deploy.0 = Release|Any CPU
		{114F421D-BFD5-4FE3-93BB-24CA7166D67E}.AppStore|iPhoneSimulator.ActiveCfg = Release|Any CPU
		{114F421D-BFD5-4FE3-93BB-24CA7166D67E}.AppStore|iPhoneSimulator.Build.0 = Release|Any CPU
		{114F421D-BFD5-4FE3-93BB-24CA7166D67E}.AppStore|iPhoneSimulator.Deploy.0 = Release|Any CPU
		{114F421D-BFD5-4FE3-93BB-24CA7166D67E}.AppStore|x64.ActiveCfg = Release|Any CPU
		{114F421D-BFD5-4FE3-93BB-24CA7166D67E}.AppStore|x64.Build.0 = Release|Any CPU
		{114F421D-BFD5-4FE3-93BB-24CA7166D67E}.AppStore|x64.Deploy.0 = Release|Any CPU
		{114F421D-BFD5-4FE3-93BB-24CA7166D67E}.AppStore|x86.ActiveCfg = Release|Any CPU
		{114F421D-BFD5-4FE3-93BB-24CA7166D67E}.AppStore|x86.Build.0 = Release|Any CPU
		{114F421D-BFD5-4FE3-93BB-24CA7166D67E}.AppStore|x86.Deploy.0 = Release|Any CPU
		{114F421D-BFD5-4FE3-93BB-24CA7166D67E}.Debug|Any CPU.ActiveCfg = Debug|Any CPU
		{114F421D-BFD5-4FE3-93BB-24CA7166D67E}.Debug|Any CPU.Build.0 = Debug|Any CPU
		{114F421D-BFD5-4FE3-93BB-24CA7166D67E}.Debug|Any CPU.Deploy.0 = Debug|Any CPU
		{114F421D-BFD5-4FE3-93BB-24CA7166D67E}.Debug|ARM.ActiveCfg = Debug|Any CPU
		{114F421D-BFD5-4FE3-93BB-24CA7166D67E}.Debug|ARM.Build.0 = Debug|Any CPU
		{114F421D-BFD5-4FE3-93BB-24CA7166D67E}.Debug|ARM.Deploy.0 = Debug|Any CPU
		{114F421D-BFD5-4FE3-93BB-24CA7166D67E}.Debug|iPhone.ActiveCfg = Debug|Any CPU
		{114F421D-BFD5-4FE3-93BB-24CA7166D67E}.Debug|iPhone.Build.0 = Debug|Any CPU
		{114F421D-BFD5-4FE3-93BB-24CA7166D67E}.Debug|iPhone.Deploy.0 = Debug|Any CPU
		{114F421D-BFD5-4FE3-93BB-24CA7166D67E}.Debug|iPhoneSimulator.ActiveCfg = Debug|Any CPU
		{114F421D-BFD5-4FE3-93BB-24CA7166D67E}.Debug|iPhoneSimulator.Build.0 = Debug|Any CPU
		{114F421D-BFD5-4FE3-93BB-24CA7166D67E}.Debug|iPhoneSimulator.Deploy.0 = Debug|Any CPU
		{114F421D-BFD5-4FE3-93BB-24CA7166D67E}.Debug|x64.ActiveCfg = Debug|Any CPU
		{114F421D-BFD5-4FE3-93BB-24CA7166D67E}.Debug|x64.Build.0 = Debug|Any CPU
		{114F421D-BFD5-4FE3-93BB-24CA7166D67E}.Debug|x64.Deploy.0 = Debug|Any CPU
		{114F421D-BFD5-4FE3-93BB-24CA7166D67E}.Debug|x86.ActiveCfg = Debug|Any CPU
		{114F421D-BFD5-4FE3-93BB-24CA7166D67E}.Debug|x86.Build.0 = Debug|Any CPU
		{114F421D-BFD5-4FE3-93BB-24CA7166D67E}.Debug|x86.Deploy.0 = Debug|Any CPU
		{114F421D-BFD5-4FE3-93BB-24CA7166D67E}.Release|Any CPU.ActiveCfg = Release|Any CPU
		{114F421D-BFD5-4FE3-93BB-24CA7166D67E}.Release|Any CPU.Build.0 = Release|Any CPU
		{114F421D-BFD5-4FE3-93BB-24CA7166D67E}.Release|Any CPU.Deploy.0 = Release|Any CPU
		{114F421D-BFD5-4FE3-93BB-24CA7166D67E}.Release|ARM.ActiveCfg = Release|Any CPU
		{114F421D-BFD5-4FE3-93BB-24CA7166D67E}.Release|ARM.Build.0 = Release|Any CPU
		{114F421D-BFD5-4FE3-93BB-24CA7166D67E}.Release|ARM.Deploy.0 = Release|Any CPU
		{114F421D-BFD5-4FE3-93BB-24CA7166D67E}.Release|iPhone.ActiveCfg = Release|Any CPU
		{114F421D-BFD5-4FE3-93BB-24CA7166D67E}.Release|iPhone.Build.0 = Release|Any CPU
		{114F421D-BFD5-4FE3-93BB-24CA7166D67E}.Release|iPhone.Deploy.0 = Release|Any CPU
		{114F421D-BFD5-4FE3-93BB-24CA7166D67E}.Release|iPhoneSimulator.ActiveCfg = Release|Any CPU
		{114F421D-BFD5-4FE3-93BB-24CA7166D67E}.Release|iPhoneSimulator.Build.0 = Release|Any CPU
		{114F421D-BFD5-4FE3-93BB-24CA7166D67E}.Release|iPhoneSimulator.Deploy.0 = Release|Any CPU
		{114F421D-BFD5-4FE3-93BB-24CA7166D67E}.Release|x64.ActiveCfg = Release|Any CPU
		{114F421D-BFD5-4FE3-93BB-24CA7166D67E}.Release|x64.Build.0 = Release|Any CPU
		{114F421D-BFD5-4FE3-93BB-24CA7166D67E}.Release|x64.Deploy.0 = Release|Any CPU
		{114F421D-BFD5-4FE3-93BB-24CA7166D67E}.Release|x86.ActiveCfg = Release|Any CPU
		{114F421D-BFD5-4FE3-93BB-24CA7166D67E}.Release|x86.Build.0 = Release|Any CPU
		{114F421D-BFD5-4FE3-93BB-24CA7166D67E}.Release|x86.Deploy.0 = Release|Any CPU
		{4D444FD7-5560-4B18-AAAA-B4B1FD444A5A}.Ad-Hoc|Any CPU.ActiveCfg = Ad-Hoc|iPhone
		{4D444FD7-5560-4B18-AAAA-B4B1FD444A5A}.Ad-Hoc|ARM.ActiveCfg = Ad-Hoc|iPhone
		{4D444FD7-5560-4B18-AAAA-B4B1FD444A5A}.Ad-Hoc|iPhone.ActiveCfg = Ad-Hoc|iPhone
		{4D444FD7-5560-4B18-AAAA-B4B1FD444A5A}.Ad-Hoc|iPhone.Build.0 = Ad-Hoc|iPhone
		{4D444FD7-5560-4B18-AAAA-B4B1FD444A5A}.Ad-Hoc|iPhoneSimulator.ActiveCfg = Ad-Hoc|iPhoneSimulator
		{4D444FD7-5560-4B18-AAAA-B4B1FD444A5A}.Ad-Hoc|iPhoneSimulator.Build.0 = Ad-Hoc|iPhoneSimulator
		{4D444FD7-5560-4B18-AAAA-B4B1FD444A5A}.Ad-Hoc|x64.ActiveCfg = Ad-Hoc|iPhone
		{4D444FD7-5560-4B18-AAAA-B4B1FD444A5A}.Ad-Hoc|x86.ActiveCfg = Ad-Hoc|iPhone
		{4D444FD7-5560-4B18-AAAA-B4B1FD444A5A}.AppStore|Any CPU.ActiveCfg = AppStore|iPhone
		{4D444FD7-5560-4B18-AAAA-B4B1FD444A5A}.AppStore|ARM.ActiveCfg = AppStore|iPhone
		{4D444FD7-5560-4B18-AAAA-B4B1FD444A5A}.AppStore|iPhone.ActiveCfg = AppStore|iPhone
		{4D444FD7-5560-4B18-AAAA-B4B1FD444A5A}.AppStore|iPhone.Build.0 = AppStore|iPhone
		{4D444FD7-5560-4B18-AAAA-B4B1FD444A5A}.AppStore|iPhoneSimulator.ActiveCfg = AppStore|iPhoneSimulator
		{4D444FD7-5560-4B18-AAAA-B4B1FD444A5A}.AppStore|iPhoneSimulator.Build.0 = AppStore|iPhoneSimulator
		{4D444FD7-5560-4B18-AAAA-B4B1FD444A5A}.AppStore|x64.ActiveCfg = AppStore|iPhone
		{4D444FD7-5560-4B18-AAAA-B4B1FD444A5A}.AppStore|x86.ActiveCfg = AppStore|iPhone
		{4D444FD7-5560-4B18-AAAA-B4B1FD444A5A}.Debug|Any CPU.ActiveCfg = Debug|iPhone
		{4D444FD7-5560-4B18-AAAA-B4B1FD444A5A}.Debug|ARM.ActiveCfg = Debug|iPhone
		{4D444FD7-5560-4B18-AAAA-B4B1FD444A5A}.Debug|iPhone.ActiveCfg = Debug|iPhone
		{4D444FD7-5560-4B18-AAAA-B4B1FD444A5A}.Debug|iPhone.Build.0 = Debug|iPhone
		{4D444FD7-5560-4B18-AAAA-B4B1FD444A5A}.Debug|iPhoneSimulator.ActiveCfg = Debug|iPhoneSimulator
		{4D444FD7-5560-4B18-AAAA-B4B1FD444A5A}.Debug|iPhoneSimulator.Build.0 = Debug|iPhoneSimulator
		{4D444FD7-5560-4B18-AAAA-B4B1FD444A5A}.Debug|x64.ActiveCfg = Debug|iPhone
		{4D444FD7-5560-4B18-AAAA-B4B1FD444A5A}.Debug|x86.ActiveCfg = Debug|iPhone
		{4D444FD7-5560-4B18-AAAA-B4B1FD444A5A}.Release|Any CPU.ActiveCfg = Release|iPhone
		{4D444FD7-5560-4B18-AAAA-B4B1FD444A5A}.Release|ARM.ActiveCfg = Release|iPhone
		{4D444FD7-5560-4B18-AAAA-B4B1FD444A5A}.Release|iPhone.ActiveCfg = Release|iPhone
		{4D444FD7-5560-4B18-AAAA-B4B1FD444A5A}.Release|iPhone.Build.0 = Release|iPhone
		{4D444FD7-5560-4B18-AAAA-B4B1FD444A5A}.Release|iPhoneSimulator.ActiveCfg = Release|iPhoneSimulator
		{4D444FD7-5560-4B18-AAAA-B4B1FD444A5A}.Release|iPhoneSimulator.Build.0 = Release|iPhoneSimulator
		{4D444FD7-5560-4B18-AAAA-B4B1FD444A5A}.Release|x64.ActiveCfg = Release|iPhone
		{4D444FD7-5560-4B18-AAAA-B4B1FD444A5A}.Release|x86.ActiveCfg = Release|iPhone
		{D2B3E889-68ED-4BFC-96A9-A60F09DD9F29}.Ad-Hoc|Any CPU.ActiveCfg = Debug|Any CPU
		{D2B3E889-68ED-4BFC-96A9-A60F09DD9F29}.Ad-Hoc|Any CPU.Build.0 = Debug|Any CPU
		{D2B3E889-68ED-4BFC-96A9-A60F09DD9F29}.Ad-Hoc|ARM.ActiveCfg = Debug|Any CPU
		{D2B3E889-68ED-4BFC-96A9-A60F09DD9F29}.Ad-Hoc|ARM.Build.0 = Debug|Any CPU
		{D2B3E889-68ED-4BFC-96A9-A60F09DD9F29}.Ad-Hoc|iPhone.ActiveCfg = Debug|Any CPU
		{D2B3E889-68ED-4BFC-96A9-A60F09DD9F29}.Ad-Hoc|iPhone.Build.0 = Debug|Any CPU
		{D2B3E889-68ED-4BFC-96A9-A60F09DD9F29}.Ad-Hoc|iPhoneSimulator.ActiveCfg = Debug|Any CPU
		{D2B3E889-68ED-4BFC-96A9-A60F09DD9F29}.Ad-Hoc|iPhoneSimulator.Build.0 = Debug|Any CPU
		{D2B3E889-68ED-4BFC-96A9-A60F09DD9F29}.Ad-Hoc|x64.ActiveCfg = Debug|Any CPU
		{D2B3E889-68ED-4BFC-96A9-A60F09DD9F29}.Ad-Hoc|x64.Build.0 = Debug|Any CPU
		{D2B3E889-68ED-4BFC-96A9-A60F09DD9F29}.Ad-Hoc|x86.ActiveCfg = Debug|Any CPU
		{D2B3E889-68ED-4BFC-96A9-A60F09DD9F29}.Ad-Hoc|x86.Build.0 = Debug|Any CPU
		{D2B3E889-68ED-4BFC-96A9-A60F09DD9F29}.AppStore|Any CPU.ActiveCfg = Debug|Any CPU
		{D2B3E889-68ED-4BFC-96A9-A60F09DD9F29}.AppStore|Any CPU.Build.0 = Debug|Any CPU
		{D2B3E889-68ED-4BFC-96A9-A60F09DD9F29}.AppStore|ARM.ActiveCfg = Debug|Any CPU
		{D2B3E889-68ED-4BFC-96A9-A60F09DD9F29}.AppStore|ARM.Build.0 = Debug|Any CPU
		{D2B3E889-68ED-4BFC-96A9-A60F09DD9F29}.AppStore|iPhone.ActiveCfg = Debug|Any CPU
		{D2B3E889-68ED-4BFC-96A9-A60F09DD9F29}.AppStore|iPhone.Build.0 = Debug|Any CPU
		{D2B3E889-68ED-4BFC-96A9-A60F09DD9F29}.AppStore|iPhoneSimulator.ActiveCfg = Debug|Any CPU
		{D2B3E889-68ED-4BFC-96A9-A60F09DD9F29}.AppStore|iPhoneSimulator.Build.0 = Debug|Any CPU
		{D2B3E889-68ED-4BFC-96A9-A60F09DD9F29}.AppStore|x64.ActiveCfg = Debug|Any CPU
		{D2B3E889-68ED-4BFC-96A9-A60F09DD9F29}.AppStore|x64.Build.0 = Debug|Any CPU
		{D2B3E889-68ED-4BFC-96A9-A60F09DD9F29}.AppStore|x86.ActiveCfg = Debug|Any CPU
		{D2B3E889-68ED-4BFC-96A9-A60F09DD9F29}.AppStore|x86.Build.0 = Debug|Any CPU
		{D2B3E889-68ED-4BFC-96A9-A60F09DD9F29}.Debug|Any CPU.ActiveCfg = Debug|Any CPU
		{D2B3E889-68ED-4BFC-96A9-A60F09DD9F29}.Debug|Any CPU.Build.0 = Debug|Any CPU
		{D2B3E889-68ED-4BFC-96A9-A60F09DD9F29}.Debug|ARM.ActiveCfg = Debug|Any CPU
		{D2B3E889-68ED-4BFC-96A9-A60F09DD9F29}.Debug|ARM.Build.0 = Debug|Any CPU
		{D2B3E889-68ED-4BFC-96A9-A60F09DD9F29}.Debug|iPhone.ActiveCfg = Debug|Any CPU
		{D2B3E889-68ED-4BFC-96A9-A60F09DD9F29}.Debug|iPhone.Build.0 = Debug|Any CPU
		{D2B3E889-68ED-4BFC-96A9-A60F09DD9F29}.Debug|iPhoneSimulator.ActiveCfg = Debug|Any CPU
		{D2B3E889-68ED-4BFC-96A9-A60F09DD9F29}.Debug|iPhoneSimulator.Build.0 = Debug|Any CPU
		{D2B3E889-68ED-4BFC-96A9-A60F09DD9F29}.Debug|x64.ActiveCfg = Debug|Any CPU
		{D2B3E889-68ED-4BFC-96A9-A60F09DD9F29}.Debug|x64.Build.0 = Debug|Any CPU
		{D2B3E889-68ED-4BFC-96A9-A60F09DD9F29}.Debug|x86.ActiveCfg = Debug|Any CPU
		{D2B3E889-68ED-4BFC-96A9-A60F09DD9F29}.Debug|x86.Build.0 = Debug|Any CPU
		{D2B3E889-68ED-4BFC-96A9-A60F09DD9F29}.Release|Any CPU.ActiveCfg = Release|Any CPU
		{D2B3E889-68ED-4BFC-96A9-A60F09DD9F29}.Release|Any CPU.Build.0 = Release|Any CPU
		{D2B3E889-68ED-4BFC-96A9-A60F09DD9F29}.Release|ARM.ActiveCfg = Release|Any CPU
		{D2B3E889-68ED-4BFC-96A9-A60F09DD9F29}.Release|ARM.Build.0 = Release|Any CPU
		{D2B3E889-68ED-4BFC-96A9-A60F09DD9F29}.Release|iPhone.ActiveCfg = Release|Any CPU
		{D2B3E889-68ED-4BFC-96A9-A60F09DD9F29}.Release|iPhone.Build.0 = Release|Any CPU
		{D2B3E889-68ED-4BFC-96A9-A60F09DD9F29}.Release|iPhoneSimulator.ActiveCfg = Release|Any CPU
		{D2B3E889-68ED-4BFC-96A9-A60F09DD9F29}.Release|iPhoneSimulator.Build.0 = Release|Any CPU
		{D2B3E889-68ED-4BFC-96A9-A60F09DD9F29}.Release|x64.ActiveCfg = Release|Any CPU
		{D2B3E889-68ED-4BFC-96A9-A60F09DD9F29}.Release|x64.Build.0 = Release|Any CPU
		{D2B3E889-68ED-4BFC-96A9-A60F09DD9F29}.Release|x86.ActiveCfg = Release|Any CPU
		{D2B3E889-68ED-4BFC-96A9-A60F09DD9F29}.Release|x86.Build.0 = Release|Any CPU
	EndGlobalSection
	GlobalSection(SolutionProperties) = preSolution
		HideSolutionNode = FALSE
	EndGlobalSection
	GlobalSection(ExtensibilityGlobals) = postSolution
		SolutionGuid = {AA81C7B9-F6CE-469E-AF0F-961A68CF849A}
	EndGlobalSection
EndGlobal
